
Microsoft Visual Studio Solution File, Format Version 12.00
# Visual Studio 15
VisualStudioVersion = 15.0.27130.2003
MinimumVisualStudioVersion = 10.0.40219.1
Project("{FAE04EC0-301F-11D3-BF4B-00C04F79EFBC}") = "Task1", "Task1\Task1.csproj", "{0BE1CBCF-8A06-4D4B-B6A4-85749FCA27B1}"
EndProject
Project("{FAE04EC0-301F-11D3-BF4B-00C04F79EFBC}") = "Task2", "Task2\Task2.csproj", "{4E1BBC89-1C12-46FF-A694-EE6831DC9FC2}"
EndProject
Project("{FAE04EC0-301F-11D3-BF4B-00C04F79EFBC}") = "Task3", "Task3\Task3.csproj", "{DF419676-40A6-4FB5-9754-059A7AA05BA7}"
EndProject
Project("{FAE04EC0-301F-11D3-BF4B-00C04F79EFBC}") = "Task4", "Task4\Task4.csproj", "{E52AA91D-257F-4927-82EC-B72B6A92549D}"
EndProject
Global
	GlobalSection(SolutionConfigurationPlatforms) = preSolution
		Debug|Any CPU = Debug|Any CPU
		Release|Any CPU = Release|Any CPU
	EndGlobalSection
	GlobalSection(ProjectConfigurationPlatforms) = postSolution
		{0BE1CBCF-8A06-4D4B-B6A4-85749FCA27B1}.Debug|Any CPU.ActiveCfg = Debug|Any CPU
		{0BE1CBCF-8A06-4D4B-B6A4-85749FCA27B1}.Debug|Any CPU.Build.0 = Debug|Any CPU
		{0BE1CBCF-8A06-4D4B-B6A4-85749FCA27B1}.Release|Any CPU.ActiveCfg = Release|Any CPU
		{0BE1CBCF-8A06-4D4B-B6A4-85749FCA27B1}.Release|Any CPU.Build.0 = Release|Any CPU
		{4E1BBC89-1C12-46FF-A694-EE6831DC9FC2}.Debug|Any CPU.ActiveCfg = Debug|Any CPU
		{4E1BBC89-1C12-46FF-A694-EE6831DC9FC2}.Debug|Any CPU.Build.0 = Debug|Any CPU
		{4E1BBC89-1C12-46FF-A694-EE6831DC9FC2}.Release|Any CPU.ActiveCfg = Release|Any CPU
		{4E1BBC89-1C12-46FF-A694-EE6831DC9FC2}.Release|Any CPU.Build.0 = Release|Any CPU
		{DF419676-40A6-4FB5-9754-059A7AA05BA7}.Debug|Any CPU.ActiveCfg = Debug|Any CPU
		{DF419676-40A6-4FB5-9754-059A7AA05BA7}.Debug|Any CPU.Build.0 = Debug|Any CPU
		{DF419676-40A6-4FB5-9754-059A7AA05BA7}.Release|Any CPU.ActiveCfg = Release|Any CPU
		{DF419676-40A6-4FB5-9754-059A7AA05BA7}.Release|Any CPU.Build.0 = Release|Any CPU
		{E52AA91D-257F-4927-82EC-B72B6A92549D}.Debug|Any CPU.ActiveCfg = Debug|Any CPU
		{E52AA91D-257F-4927-82EC-B72B6A92549D}.Debug|Any CPU.Build.0 = Debug|Any CPU
		{E52AA91D-257F-4927-82EC-B72B6A92549D}.Release|Any CPU.ActiveCfg = Release|Any CPU
		{E52AA91D-257F-4927-82EC-B72B6A92549D}.Release|Any CPU.Build.0 = Release|Any CPU
	EndGlobalSection
	GlobalSection(SolutionProperties) = preSolution
		HideSolutionNode = FALSE
	EndGlobalSection
	GlobalSection(ExtensibilityGlobals) = postSolution
		SolutionGuid = {78869B8A-1687-45D8-9AA0-C07848D2699C}
	EndGlobalSection
EndGlobal
